
Microsoft Visual Studio Solution File, Format Version 12.00
# Visual Studio Version 17
VisualStudioVersion = 17.3.32901.215
MinimumVisualStudioVersion = 10.0.40219.1
Project("{8BC9CEB8-8B4A-11D0-8D11-00A0C91BC942}") = "VertexProcessingTest", "VertexProcessingTest\VertexProcessingTest.vcxproj", "{EEF738FB-3C35-4726-A065-637278ED89F0}"
EndProject
Global
	GlobalSection(SolutionConfigurationPlatforms) = preSolution
		Debug|x64 = Debug|x64
		Debug|x86 = Debug|x86
		Release|x64 = Release|x64
		Release|x86 = Release|x86
	EndGlobalSection
	GlobalSection(ProjectConfigurationPlatforms) = postSolution
		{EEF738FB-3C35-4726-A065-637278ED89F0}.Debug|x64.ActiveCfg = Debug|x64
		{EEF738FB-3C35-4726-A065-637278ED89F0}.Debug|x64.Build.0 = Debug|x64
		{EEF738FB-3C35-4726-A065-637278ED89F0}.Debug|x86.ActiveCfg = Debug|Win32
		{EEF738FB-3C35-4726-A065-637278ED89F0}.Debug|x86.Build.0 = Debug|Win32
		{EEF738FB-3C35-4726-A065-637278ED89F0}.Release|x64.ActiveCfg = Release|x64
		{EEF738FB-3C35-4726-A065-637278ED89F0}.Release|x64.Build.0 = Release|x64
		{EEF738FB-3C35-4726-A065-637278ED89F0}.Release|x86.ActiveCfg = Release|Win32
		{EEF738FB-3C35-4726-A065-637278ED89F0}.Release|x86.Build.0 = Release|Win32
	EndGlobalSection
	GlobalSection(SolutionProperties) = preSolution
		HideSolutionNode = FALSE
	EndGlobalSection
	GlobalSection(ExtensibilityGlobals) = postSolution
		SolutionGuid = {389A1DB6-6032-4E29-B05A-87EA72FC13E6}
	EndGlobalSection
EndGlobal
